// !$*UTF8*$!
{
	archiveVersion = 1;
	classes = {
	};
	objectVersion = 56;
	objects = {

/* Begin PBXBuildFile section */
		10244A352A733D76002F4AEC /* Level2.swift in Sources */ = {isa = PBXBuildFile; fileRef = 10244A342A733D76002F4AEC /* Level2.swift */; };
		10244A372A733FC1002F4AEC /* Level3_inheritance.swift in Sources */ = {isa = PBXBuildFile; fileRef = 10244A362A733FC1002F4AEC /* Level3_inheritance.swift */; };
		10244A392A73410E002F4AEC /* Level3_dependency.swift in Sources */ = {isa = PBXBuildFile; fileRef = 10244A382A73410E002F4AEC /* Level3_dependency.swift */; };
		10244A3B2A73421C002F4AEC /* Level3_dependency_switch.swift in Sources */ = {isa = PBXBuildFile; fileRef = 10244A3A2A73421C002F4AEC /* Level3_dependency_switch.swift */; };
		10244A3D2A734536002F4AEC /* Level4_include_number.swift in Sources */ = {isa = PBXBuildFile; fileRef = 10244A3C2A734536002F4AEC /* Level4_include_number.swift */; };
		10244A3F2A734722002F4AEC /* Level4_only_operator.swift in Sources */ = {isa = PBXBuildFile; fileRef = 10244A3E2A734722002F4AEC /* Level4_only_operator.swift */; };
		10244A412A7347A5002F4AEC /* Level4_protocol_include_number.swift in Sources */ = {isa = PBXBuildFile; fileRef = 10244A402A7347A5002F4AEC /* Level4_protocol_include_number.swift */; };
		10244A432A73481F002F4AEC /* Level4_protocol_only_operator.swift in Sources */ = {isa = PBXBuildFile; fileRef = 10244A422A73481F002F4AEC /* Level4_protocol_only_operator.swift */; };
		10244A452A7348A5002F4AEC /* Level4_final.swift in Sources */ = {isa = PBXBuildFile; fileRef = 10244A442A7348A5002F4AEC /* Level4_final.swift */; };
		10CD733C2A66353900F895BB /* main.swift in Sources */ = {isa = PBXBuildFile; fileRef = 10CD733B2A66353900F895BB /* main.swift */; };
/* End PBXBuildFile section */

/* Begin PBXCopyFilesBuildPhase section */
		10CD73362A66353900F895BB /* CopyFiles */ = {
			isa = PBXCopyFilesBuildPhase;
			buildActionMask = 2147483647;
			dstPath = /usr/share/man/man1/;
			dstSubfolderSpec = 0;
			files = (
			);
			runOnlyForDeploymentPostprocessing = 1;
		};
/* End PBXCopyFilesBuildPhase section */

/* Begin PBXFileReference section */
		10244A342A733D76002F4AEC /* Level2.swift */ = {isa = PBXFileReference; lastKnownFileType = sourcecode.swift; path = Level2.swift; sourceTree = "<group>"; };
		10244A362A733FC1002F4AEC /* Level3_inheritance.swift */ = {isa = PBXFileReference; lastKnownFileType = sourcecode.swift; path = Level3_inheritance.swift; sourceTree = "<group>"; };
		10244A382A73410E002F4AEC /* Level3_dependency.swift */ = {isa = PBXFileReference; lastKnownFileType = sourcecode.swift; path = Level3_dependency.swift; sourceTree = "<group>"; };
		10244A3A2A73421C002F4AEC /* Level3_dependency_switch.swift */ = {isa = PBXFileReference; lastKnownFileType = sourcecode.swift; path = Level3_dependency_switch.swift; sourceTree = "<group>"; };
		10244A3C2A734536002F4AEC /* Level4_include_number.swift */ = {isa = PBXFileReference; lastKnownFileType = sourcecode.swift; path = Level4_include_number.swift; sourceTree = "<group>"; };
		10244A3E2A734722002F4AEC /* Level4_only_operator.swift */ = {isa = PBXFileReference; lastKnownFileType = sourcecode.swift; path = Level4_only_operator.swift; sourceTree = "<group>"; };
		10244A402A7347A5002F4AEC /* Level4_protocol_include_number.swift */ = {isa = PBXFileReference; lastKnownFileType = sourcecode.swift; path = Level4_protocol_include_number.swift; sourceTree = "<group>"; };
		10244A422A73481F002F4AEC /* Level4_protocol_only_operator.swift */ = {isa = PBXFileReference; lastKnownFileType = sourcecode.swift; path = Level4_protocol_only_operator.swift; sourceTree = "<group>"; };
		10244A442A7348A5002F4AEC /* Level4_final.swift */ = {isa = PBXFileReference; lastKnownFileType = sourcecode.swift; path = Level4_final.swift; sourceTree = "<group>"; };
		10CD73382A66353900F895BB /* Calculator */ = {isa = PBXFileReference; explicitFileType = "compiled.mach-o.executable"; includeInIndex = 0; path = Calculator; sourceTree = BUILT_PRODUCTS_DIR; };
		10CD733B2A66353900F895BB /* main.swift */ = {isa = PBXFileReference; lastKnownFileType = sourcecode.swift; path = main.swift; sourceTree = "<group>"; };
/* End PBXFileReference section */

/* Begin PBXFrameworksBuildPhase section */
		10CD73352A66353900F895BB /* Frameworks */ = {
			isa = PBXFrameworksBuildPhase;
			buildActionMask = 2147483647;
			files = (
			);
			runOnlyForDeploymentPostprocessing = 0;
		};
/* End PBXFrameworksBuildPhase section */

/* Begin PBXGroup section */
		10CD732F2A66353900F895BB = {
			isa = PBXGroup;
			children = (
				10CD733A2A66353900F895BB /* Calculator */,
				10CD73392A66353900F895BB /* Products */,
			);
			sourceTree = "<group>";
		};
		10CD73392A66353900F895BB /* Products */ = {
			isa = PBXGroup;
			children = (
				10CD73382A66353900F895BB /* Calculator */,
			);
			name = Products;
			sourceTree = "<group>";
		};
		10CD733A2A66353900F895BB /* Calculator */ = {
			isa = PBXGroup;
			children = (
				10CD733B2A66353900F895BB /* main.swift */,
				10244A442A7348A5002F4AEC /* Level4_final.swift */,
				10244A422A73481F002F4AEC /* Level4_protocol_only_operator.swift */,
				10244A402A7347A5002F4AEC /* Level4_protocol_include_number.swift */,
				10244A3E2A734722002F4AEC /* Level4_only_operator.swift */,
				10244A3C2A734536002F4AEC /* Level4_include_number.swift */,
				10244A3A2A73421C002F4AEC /* Level3_dependency_switch.swift */,
				10244A382A73410E002F4AEC /* Level3_dependency.swift */,
				10244A362A733FC1002F4AEC /* Level3_inheritance.swift */,
				10244A342A733D76002F4AEC /* Level2.swift */,
			);
			path = Calculator;
			sourceTree = "<group>";
		};
/* End PBXGroup section */

/* Begin PBXNativeTarget section */
		10CD73372A66353900F895BB /* Calculator */ = {
			isa = PBXNativeTarget;
			buildConfigurationList = 10CD733F2A66353900F895BB /* Build configuration list for PBXNativeTarget "Calculator" */;
			buildPhases = (
				10CD73342A66353900F895BB /* Sources */,
				10CD73352A66353900F895BB /* Frameworks */,
				10CD73362A66353900F895BB /* CopyFiles */,
			);
			buildRules = (
			);
			dependencies = (
			);
			name = Calculator;
			productName = Calculator;
			productReference = 10CD73382A66353900F895BB /* Calculator */;
			productType = "com.apple.product-type.tool";
		};
/* End PBXNativeTarget section */

/* Begin PBXProject section */
		10CD73302A66353900F895BB /* Project object */ = {
			isa = PBXProject;
			attributes = {
				BuildIndependentTargetsInParallel = 1;
				LastSwiftUpdateCheck = 1430;
				LastUpgradeCheck = 1430;
				TargetAttributes = {
					10CD73372A66353900F895BB = {
						CreatedOnToolsVersion = 14.3.1;
					};
				};
			};
			buildConfigurationList = 10CD73332A66353900F895BB /* Build configuration list for PBXProject "Calculator" */;
			compatibilityVersion = "Xcode 14.0";
			developmentRegion = en;
			hasScannedForEncodings = 0;
			knownRegions = (
				en,
				Base,
			);
			mainGroup = 10CD732F2A66353900F895BB;
			productRefGroup = 10CD73392A66353900F895BB /* Products */;
			projectDirPath = "";
			projectRoot = "";
			targets = (
				10CD73372A66353900F895BB /* Calculator */,
			);
		};
/* End PBXProject section */

/* Begin PBXSourcesBuildPhase section */
		10CD73342A66353900F895BB /* Sources */ = {
			isa = PBXSourcesBuildPhase;
			buildActionMask = 2147483647;
			files = (
				10244A3B2A73421C002F4AEC /* Level3_dependency_switch.swift in Sources */,
				10244A3F2A734722002F4AEC /* Level4_only_operator.swift in Sources */,
				10244A372A733FC1002F4AEC /* Level3_inheritance.swift in Sources */,
				10CD733C2A66353900F895BB /* main.swift in Sources */,
				10244A3D2A734536002F4AEC /* Level4_include_number.swift in Sources */,
				10244A352A733D76002F4AEC /* Level2.swift in Sources */,
				10244A432A73481F002F4AEC /* Level4_protocol_only_operator.swift in Sources */,
				10244A392A73410E002F4AEC /* Level3_dependency.swift in Sources */,
				10244A452A7348A5002F4AEC /* Level4_final.swift in Sources */,
				10244A412A7347A5002F4AEC /* Level4_protocol_include_number.swift in Sources */,
			);
			runOnlyForDeploymentPostprocessing = 0;
		};
/* End PBXSourcesBuildPhase section */

/* Begin XCBuildConfiguration section */
		10CD733D2A66353900F895BB /* Debug */ = {
			isa = XCBuildConfiguration;
			buildSettings = {
				ALWAYS_SEARCH_USER_PATHS = NO;
				CLANG_ANALYZER_NONNULL = YES;
				CLANG_ANALYZER_NUMBER_OBJECT_CONVERSION = YES_AGGRESSIVE;
				CLANG_CXX_LANGUAGE_STANDARD = "gnu++20";
				CLANG_ENABLE_MODULES = YES;
				CLANG_ENABLE_OBJC_ARC = YES;
				CLANG_ENABLE_OBJC_WEAK = YES;
				CLANG_WARN_BLOCK_CAPTURE_AUTORELEASING = YES;
				CLANG_WARN_BOOL_CONVERSION = YES;
				CLANG_WARN_COMMA = YES;
				CLANG_WARN_CONSTANT_CONVERSION = YES;
				CLANG_WARN_DEPRECATED_OBJC_IMPLEMENTATIONS = YES;
				CLANG_WARN_DIRECT_OBJC_ISA_USAGE = YES_ERROR;
				CLANG_WARN_DOCUMENTATION_COMMENTS = YES;
				CLANG_WARN_EMPTY_BODY = YES;
				CLANG_WARN_ENUM_CONVERSION = YES;
				CLANG_WARN_INFINITE_RECURSION = YES;
				CLANG_WARN_INT_CONVERSION = YES;
				CLANG_WARN_NON_LITERAL_NULL_CONVERSION = YES;
				CLANG_WARN_OBJC_IMPLICIT_RETAIN_SELF = YES;
				CLANG_WARN_OBJC_LITERAL_CONVERSION = YES;
				CLANG_WARN_OBJC_ROOT_CLASS = YES_ERROR;
				CLANG_WARN_QUOTED_INCLUDE_IN_FRAMEWORK_HEADER = YES;
				CLANG_WARN_RANGE_LOOP_ANALYSIS = YES;
				CLANG_WARN_STRICT_PROTOTYPES = YES;
				CLANG_WARN_SUSPICIOUS_MOVE = YES;
				CLANG_WARN_UNGUARDED_AVAILABILITY = YES_AGGRESSIVE;
				CLANG_WARN_UNREACHABLE_CODE = YES;
				CLANG_WARN__DUPLICATE_METHOD_MATCH = YES;
				COPY_PHASE_STRIP = NO;
				DEBUG_INFORMATION_FORMAT = dwarf;
				ENABLE_STRICT_OBJC_MSGSEND = YES;
				ENABLE_TESTABILITY = YES;
				GCC_C_LANGUAGE_STANDARD = gnu11;
				GCC_DYNAMIC_NO_PIC = NO;
				GCC_NO_COMMON_BLOCKS = YES;
				GCC_OPTIMIZATION_LEVEL = 0;
				GCC_PREPROCESSOR_DEFINITIONS = (
					"DEBUG=1",
					"$(inherited)",
				);
				GCC_WARN_64_TO_32_BIT_CONVERSION = YES;
				GCC_WARN_ABOUT_RETURN_TYPE = YES_ERROR;
				GCC_WARN_UNDECLARED_SELECTOR = YES;
				GCC_WARN_UNINITIALIZED_AUTOS = YES_AGGRESSIVE;
				GCC_WARN_UNUSED_FUNCTION = YES;
				GCC_WARN_UNUSED_VARIABLE = YES;
				MACOSX_DEPLOYMENT_TARGET = 13.3;
				MTL_ENABLE_DEBUG_INFO = INCLUDE_SOURCE;
				MTL_FAST_MATH = YES;
				ONLY_ACTIVE_ARCH = YES;
				SDKROOT = macosx;
				SWIFT_ACTIVE_COMPILATION_CONDITIONS = DEBUG;
				SWIFT_OPTIMIZATION_LEVEL = "-Onone";
			};
			name = Debug;
		};
		10CD733E2A66353900F895BB /* Release */ = {
			isa = XCBuildConfiguration;
			buildSettings = {
				ALWAYS_SEARCH_USER_PATHS = NO;
				CLANG_ANALYZER_NONNULL = YES;
				CLANG_ANALYZER_NUMBER_OBJECT_CONVERSION = YES_AGGRESSIVE;
				CLANG_CXX_LANGUAGE_STANDARD = "gnu++20";
				CLANG_ENABLE_MODULES = YES;
				CLANG_ENABLE_OBJC_ARC = YES;
				CLANG_ENABLE_OBJC_WEAK = YES;
				CLANG_WARN_BLOCK_CAPTURE_AUTORELEASING = YES;
				CLANG_WARN_BOOL_CONVERSION = YES;
				CLANG_WARN_COMMA = YES;
				CLANG_WARN_CONSTANT_CONVERSION = YES;
				CLANG_WARN_DEPRECATED_OBJC_IMPLEMENTATIONS = YES;
				CLANG_WARN_DIRECT_OBJC_ISA_USAGE = YES_ERROR;
				CLANG_WARN_DOCUMENTATION_COMMENTS = YES;
				CLANG_WARN_EMPTY_BODY = YES;
				CLANG_WARN_ENUM_CONVERSION = YES;
				CLANG_WARN_INFINITE_RECURSION = YES;
				CLANG_WARN_INT_CONVERSION = YES;
				CLANG_WARN_NON_LITERAL_NULL_CONVERSION = YES;
				CLANG_WARN_OBJC_IMPLICIT_RETAIN_SELF = YES;
				CLANG_WARN_OBJC_LITERAL_CONVERSION = YES;
				CLANG_WARN_OBJC_ROOT_CLASS = YES_ERROR;
				CLANG_WARN_QUOTED_INCLUDE_IN_FRAMEWORK_HEADER = YES;
				CLANG_WARN_RANGE_LOOP_ANALYSIS = YES;
				CLANG_WARN_STRICT_PROTOTYPES = YES;
				CLANG_WARN_SUSPICIOUS_MOVE = YES;
				CLANG_WARN_UNGUARDED_AVAILABILITY = YES_AGGRESSIVE;
				CLANG_WARN_UNREACHABLE_CODE = YES;
				CLANG_WARN__DUPLICATE_METHOD_MATCH = YES;
				COPY_PHASE_STRIP = NO;
				DEBUG_INFORMATION_FORMAT = "dwarf-with-dsym";
				ENABLE_NS_ASSERTIONS = NO;
				ENABLE_STRICT_OBJC_MSGSEND = YES;
				GCC_C_LANGUAGE_STANDARD = gnu11;
				GCC_NO_COMMON_BLOCKS = YES;
				GCC_WARN_64_TO_32_BIT_CONVERSION = YES;
				GCC_WARN_ABOUT_RETURN_TYPE = YES_ERROR;
				GCC_WARN_UNDECLARED_SELECTOR = YES;
				GCC_WARN_UNINITIALIZED_AUTOS = YES_AGGRESSIVE;
				GCC_WARN_UNUSED_FUNCTION = YES;
				GCC_WARN_UNUSED_VARIABLE = YES;
				MACOSX_DEPLOYMENT_TARGET = 13.3;
				MTL_ENABLE_DEBUG_INFO = NO;
				MTL_FAST_MATH = YES;
				SDKROOT = macosx;
				SWIFT_COMPILATION_MODE = wholemodule;
				SWIFT_OPTIMIZATION_LEVEL = "-O";
			};
			name = Release;
		};
		10CD73402A66353900F895BB /* Debug */ = {
			isa = XCBuildConfiguration;
			buildSettings = {
				CODE_SIGN_STYLE = Automatic;
				DEVELOPMENT_TEAM = 7425535F6V;
				ENABLE_HARDENED_RUNTIME = YES;
				PRODUCT_NAME = "$(TARGET_NAME)";
				SWIFT_VERSION = 5.0;
			};
			name = Debug;
		};
		10CD73412A66353900F895BB /* Release */ = {
			isa = XCBuildConfiguration;
			buildSettings = {
				CODE_SIGN_STYLE = Automatic;
				DEVELOPMENT_TEAM = 7425535F6V;
				ENABLE_HARDENED_RUNTIME = YES;
				PRODUCT_NAME = "$(TARGET_NAME)";
				SWIFT_VERSION = 5.0;
			};
			name = Release;
		};
/* End XCBuildConfiguration section */

/* Begin XCConfigurationList section */
		10CD73332A66353900F895BB /* Build configuration list for PBXProject "Calculator" */ = {
			isa = XCConfigurationList;
			buildConfigurations = (
				10CD733D2A66353900F895BB /* Debug */,
				10CD733E2A66353900F895BB /* Release */,
			);
			defaultConfigurationIsVisible = 0;
			defaultConfigurationName = Release;
		};
		10CD733F2A66353900F895BB /* Build configuration list for PBXNativeTarget "Calculator" */ = {
			isa = XCConfigurationList;
			buildConfigurations = (
				10CD73402A66353900F895BB /* Debug */,
				10CD73412A66353900F895BB /* Release */,
			);
			defaultConfigurationIsVisible = 0;
			defaultConfigurationName = Release;
		};
/* End XCConfigurationList section */
	};
	rootObject = 10CD73302A66353900F895BB /* Project object */;
}
